
Microsoft Visual Studio Solution File, Format Version 12.00
# Visual Studio Version 17
VisualStudioVersion = 17.13.35806.99
MinimumVisualStudioVersion = 10.0.40219.1
Project("{FAE04EC0-301F-11D3-BF4B-00C04F79EFBC}") = "TCPServer", "TCPChatServer\TCPServer.csproj", "{B2BF5D98-101B-42A1-8B41-181293FA0545}"
EndProject
Project("{FAE04EC0-301F-11D3-BF4B-00C04F79EFBC}") = "TCPClient", "TCPChatClient\TCPClient.csproj", "{A28D7E18-1D81-4642-BAEE-7ABC601F3114}"
EndProject
Project("{FAE04EC0-301F-11D3-BF4B-00C04F79EFBC}") = "TCPListener", "TCPChatListener\TCPListener.csproj", "{524652A1-A500-4E54-B652-AAFBFBBE2A2E}"
EndProject
Project("{FAE04EC0-301F-11D3-BF4B-00C04F79EFBC}") = "ChatSharedUtilities", "ChatSharedFunctions\ChatSharedUtilities.csproj", "{49DF4C88-9DB0-4A69-A5C9-86963893F184}"
EndProject
Global
	GlobalSection(SolutionConfigurationPlatforms) = preSolution
		Debug|Any CPU = Debug|Any CPU
		Release|Any CPU = Release|Any CPU
	EndGlobalSection
	GlobalSection(ProjectConfigurationPlatforms) = postSolution
		{B2BF5D98-101B-42A1-8B41-181293FA0545}.Debug|Any CPU.ActiveCfg = Debug|Any CPU
		{B2BF5D98-101B-42A1-8B41-181293FA0545}.Debug|Any CPU.Build.0 = Debug|Any CPU
		{B2BF5D98-101B-42A1-8B41-181293FA0545}.Release|Any CPU.ActiveCfg = Release|Any CPU
		{B2BF5D98-101B-42A1-8B41-181293FA0545}.Release|Any CPU.Build.0 = Release|Any CPU
		{A28D7E18-1D81-4642-BAEE-7ABC601F3114}.Debug|Any CPU.ActiveCfg = Debug|Any CPU
		{A28D7E18-1D81-4642-BAEE-7ABC601F3114}.Debug|Any CPU.Build.0 = Debug|Any CPU
		{A28D7E18-1D81-4642-BAEE-7ABC601F3114}.Release|Any CPU.ActiveCfg = Release|Any CPU
		{A28D7E18-1D81-4642-BAEE-7ABC601F3114}.Release|Any CPU.Build.0 = Release|Any CPU
		{524652A1-A500-4E54-B652-AAFBFBBE2A2E}.Debug|Any CPU.ActiveCfg = Debug|Any CPU
		{524652A1-A500-4E54-B652-AAFBFBBE2A2E}.Debug|Any CPU.Build.0 = Debug|Any CPU
		{524652A1-A500-4E54-B652-AAFBFBBE2A2E}.Release|Any CPU.ActiveCfg = Release|Any CPU
		{524652A1-A500-4E54-B652-AAFBFBBE2A2E}.Release|Any CPU.Build.0 = Release|Any CPU
		{49DF4C88-9DB0-4A69-A5C9-86963893F184}.Debug|Any CPU.ActiveCfg = Debug|Any CPU
		{49DF4C88-9DB0-4A69-A5C9-86963893F184}.Debug|Any CPU.Build.0 = Debug|Any CPU
		{49DF4C88-9DB0-4A69-A5C9-86963893F184}.Release|Any CPU.ActiveCfg = Release|Any CPU
		{49DF4C88-9DB0-4A69-A5C9-86963893F184}.Release|Any CPU.Build.0 = Release|Any CPU
	EndGlobalSection
	GlobalSection(SolutionProperties) = preSolution
		HideSolutionNode = FALSE
	EndGlobalSection
	GlobalSection(ExtensibilityGlobals) = postSolution
		SolutionGuid = {F358E521-2D8E-498A-8596-973F1A961FBE}
	EndGlobalSection
EndGlobal
